// !$*UTF8*$!
{
	archiveVersion = 1;
	classes = {
	};
	objectVersion = 50;
	objects = {

/* Begin PBXBuildFile section */
		ACE77CE721EBE74D009381BB /* AppDelegate.swift in Sources */ = {isa = PBXBuildFile; fileRef = ACE77CE621EBE74D009381BB /* AppDelegate.swift */; };
		ACE77CE921EBE74D009381BB /* ViewController.swift in Sources */ = {isa = PBXBuildFile; fileRef = ACE77CE821EBE74D009381BB /* ViewController.swift */; };
		ACE77CEC21EBE74D009381BB /* Main.storyboard in Resources */ = {isa = PBXBuildFile; fileRef = ACE77CEA21EBE74D009381BB /* Main.storyboard */; };
		ACE77CEE21EBE74F009381BB /* Assets.xcassets in Resources */ = {isa = PBXBuildFile; fileRef = ACE77CED21EBE74F009381BB /* Assets.xcassets */; };
		ACE77CF121EBE74F009381BB /* LaunchScreen.storyboard in Resources */ = {isa = PBXBuildFile; fileRef = ACE77CEF21EBE74F009381BB /* LaunchScreen.storyboard */; };
		ACE77CFC21EBE906009381BB /* premier2019.otf in Resources */ = {isa = PBXBuildFile; fileRef = ACE77CF821EBE906009381BB /* premier2019.otf */; };
		ACE77CFD21EBE906009381BB /* MegalomaniacHeadliners.ttf in Resources */ = {isa = PBXBuildFile; fileRef = ACE77CF921EBE906009381BB /* MegalomaniacHeadliners.ttf */; };
		ACE77CFF21EBE906009381BB /* PurplePen.ttf in Resources */ = {isa = PBXBuildFile; fileRef = ACE77CFB21EBE906009381BB /* PurplePen.ttf */; };
		ACE77D0121EC054A009381BB /* Blacksword.otf in Resources */ = {isa = PBXBuildFile; fileRef = ACE77D0021EC054A009381BB /* Blacksword.otf */; };
/* End PBXBuildFile section */

/* Begin PBXFileReference section */
		ACE77CE321EBE74D009381BB /* Cool Text Demo.app */ = {isa = PBXFileReference; explicitFileType = wrapper.application; includeInIndex = 0; path = "Cool Text Demo.app"; sourceTree = BUILT_PRODUCTS_DIR; };
		ACE77CE621EBE74D009381BB /* AppDelegate.swift */ = {isa = PBXFileReference; lastKnownFileType = sourcecode.swift; path = AppDelegate.swift; sourceTree = "<group>"; };
		ACE77CE821EBE74D009381BB /* ViewController.swift */ = {isa = PBXFileReference; lastKnownFileType = sourcecode.swift; path = ViewController.swift; sourceTree = "<group>"; };
		ACE77CEB21EBE74D009381BB /* Base */ = {isa = PBXFileReference; lastKnownFileType = file.storyboard; name = Base; path = Base.lproj/Main.storyboard; sourceTree = "<group>"; };
		ACE77CED21EBE74F009381BB /* Assets.xcassets */ = {isa = PBXFileReference; lastKnownFileType = folder.assetcatalog; path = Assets.xcassets; sourceTree = "<group>"; };
		ACE77CF021EBE74F009381BB /* Base */ = {isa = PBXFileReference; lastKnownFileType = file.storyboard; name = Base; path = Base.lproj/LaunchScreen.storyboard; sourceTree = "<group>"; };
		ACE77CF221EBE74F009381BB /* Info.plist */ = {isa = PBXFileReference; lastKnownFileType = text.plist.xml; path = Info.plist; sourceTree = "<group>"; };
		ACE77CF821EBE906009381BB /* premier2019.otf */ = {isa = PBXFileReference; lastKnownFileType = file; path = premier2019.otf; sourceTree = "<group>"; };
		ACE77CF921EBE906009381BB /* MegalomaniacHeadliners.ttf */ = {isa = PBXFileReference; lastKnownFileType = file; path = MegalomaniacHeadliners.ttf; sourceTree = "<group>"; };
		ACE77CFB21EBE906009381BB /* PurplePen.ttf */ = {isa = PBXFileReference; lastKnownFileType = file; path = PurplePen.ttf; sourceTree = "<group>"; };
		ACE77D0021EC054A009381BB /* Blacksword.otf */ = {isa = PBXFileReference; lastKnownFileType = file; path = Blacksword.otf; sourceTree = "<group>"; };
/* End PBXFileReference section */

/* Begin PBXFrameworksBuildPhase section */
		ACE77CE021EBE74D009381BB /* Frameworks */ = {
			isa = PBXFrameworksBuildPhase;
			buildActionMask = 2147483647;
			files = (
			);
			runOnlyForDeploymentPostprocessing = 0;
		};
/* End PBXFrameworksBuildPhase section */

/* Begin PBXGroup section */
		ACE77CDA21EBE74D009381BB = {
			isa = PBXGroup;
			children = (
				ACE77CE521EBE74D009381BB /* Cool Text Demo */,
				ACE77CE421EBE74D009381BB /* Products */,
			);
			sourceTree = "<group>";
		};
		ACE77CE421EBE74D009381BB /* Products */ = {
			isa = PBXGroup;
			children = (
				ACE77CE321EBE74D009381BB /* Cool Text Demo.app */,
			);
			name = Products;
			sourceTree = "<group>";
		};
		ACE77CE521EBE74D009381BB /* Cool Text Demo */ = {
			isa = PBXGroup;
			children = (
				ACE77CE621EBE74D009381BB /* AppDelegate.swift */,
				ACE77CE821EBE74D009381BB /* ViewController.swift */,
				ACE77CEA21EBE74D009381BB /* Main.storyboard */,
				ACE77CED21EBE74F009381BB /* Assets.xcassets */,
				ACE77CEF21EBE74F009381BB /* LaunchScreen.storyboard */,
				ACE77CF221EBE74F009381BB /* Info.plist */,
				ACE77D0021EC054A009381BB /* Blacksword.otf */,
				ACE77CF921EBE906009381BB /* MegalomaniacHeadliners.ttf */,
				ACE77CF821EBE906009381BB /* premier2019.otf */,
				ACE77CFB21EBE906009381BB /* PurplePen.ttf */,
			);
			path = "Cool Text Demo";
			sourceTree = "<group>";
		};
/* End PBXGroup section */

/* Begin PBXNativeTarget section */
		ACE77CE221EBE74D009381BB /* Cool Text Demo */ = {
			isa = PBXNativeTarget;
			buildConfigurationList = ACE77CF521EBE74F009381BB /* Build configuration list for PBXNativeTarget "Cool Text Demo" */;
			buildPhases = (
				ACE77CDF21EBE74D009381BB /* Sources */,
				ACE77CE021EBE74D009381BB /* Frameworks */,
				ACE77CE121EBE74D009381BB /* Resources */,
			);
			buildRules = (
			);
			dependencies = (
			);
			name = "Cool Text Demo";
			productName = "Cool Text Demo";
			productReference = ACE77CE321EBE74D009381BB /* Cool Text Demo.app */;
			productType = "com.apple.product-type.application";
		};
/* End PBXNativeTarget section */

/* Begin PBXProject section */
		ACE77CDB21EBE74D009381BB /* Project object */ = {
			isa = PBXProject;
			attributes = {
				LastSwiftUpdateCheck = 1010;
				LastUpgradeCheck = 1010;
				ORGANIZATIONNAME = "Digital Mirko";
				TargetAttributes = {
					ACE77CE221EBE74D009381BB = {
						CreatedOnToolsVersion = 10.1;
					};
				};
			};
			buildConfigurationList = ACE77CDE21EBE74D009381BB /* Build configuration list for PBXProject "Cool Text Demo" */;
			compatibilityVersion = "Xcode 9.3";
			developmentRegion = en;
			hasScannedForEncodings = 0;
			knownRegions = (
				en,
				Base,
			);
			mainGroup = ACE77CDA21EBE74D009381BB;
			productRefGroup = ACE77CE421EBE74D009381BB /* Products */;
			projectDirPath = "";
			projectRoot = "";
			targets = (
				ACE77CE221EBE74D009381BB /* Cool Text Demo */,
			);
		};
/* End PBXProject section */

/* Begin PBXResourcesBuildPhase section */
		ACE77CE121EBE74D009381BB /* Resources */ = {
			isa = PBXResourcesBuildPhase;
			buildActionMask = 2147483647;
			files = (
				ACE77CF121EBE74F009381BB /* LaunchScreen.storyboard in Resources */,
				ACE77D0121EC054A009381BB /* Blacksword.otf in Resources */,
				ACE77CEE21EBE74F009381BB /* Assets.xcassets in Resources */,
				ACE77CFC21EBE906009381BB /* premier2019.otf in Resources */,
				ACE77CFF21EBE906009381BB /* PurplePen.ttf in Resources */,
				ACE77CFD21EBE906009381BB /* MegalomaniacHeadliners.ttf in Resources */,
				ACE77CEC21EBE74D009381BB /* Main.storyboard in Resources */,
			);
			runOnlyForDeploymentPostprocessing = 0;
		};
/* End PBXResourcesBuildPhase section */

/* Begin PBXSourcesBuildPhase section */
		ACE77CDF21EBE74D009381BB /* Sources */ = {
			isa = PBXSourcesBuildPhase;
			buildActionMask = 2147483647;
			files = (
				ACE77CE921EBE74D009381BB /* ViewController.swift in Sources */,
				ACE77CE721EBE74D009381BB /* AppDelegate.swift in Sources */,
			);
			runOnlyForDeploymentPostprocessing = 0;
		};
/* End PBXSourcesBuildPhase section */

/* Begin PBXVariantGroup section */
		ACE77CEA21EBE74D009381BB /* Main.storyboard */ = {
			isa = PBXVariantGroup;
			children = (
				ACE77CEB21EBE74D009381BB /* Base */,
			);
			name = Main.storyboard;
			sourceTree = "<group>";
		};
		ACE77CEF21EBE74F009381BB /* LaunchScreen.storyboard */ = {
			isa = PBXVariantGroup;
			children = (
				ACE77CF021EBE74F009381BB /* Base */,
			);
			name = LaunchScreen.storyboard;
			sourceTree = "<group>";
		};
/* End PBXVariantGroup section */

/* Begin XCBuildConfiguration section */
		ACE77CF321EBE74F009381BB /* Debug */ = {
			isa = XCBuildConfiguration;
			buildSettings = {
				ALWAYS_SEARCH_USER_PATHS = NO;
				CLANG_ANALYZER_NONNULL = YES;
				CLANG_ANALYZER_NUMBER_OBJECT_CONVERSION = YES_AGGRESSIVE;
				CLANG_CXX_LANGUAGE_STANDARD = "gnu++14";
				CLANG_CXX_LIBRARY = "libc++";
				CLANG_ENABLE_MODULES = YES;
				CLANG_ENABLE_OBJC_ARC = YES;
				CLANG_ENABLE_OBJC_WEAK = YES;
				CLANG_WARN_BLOCK_CAPTURE_AUTORELEASING = YES;
				CLANG_WARN_BOOL_CONVERSION = YES;
				CLANG_WARN_COMMA = YES;
				CLANG_WARN_CONSTANT_CONVERSION = YES;
				CLANG_WARN_DEPRECATED_OBJC_IMPLEMENTATIONS = YES;
				CLANG_WARN_DIRECT_OBJC_ISA_USAGE = YES_ERROR;
				CLANG_WARN_DOCUMENTATION_COMMENTS = YES;
				CLANG_WARN_EMPTY_BODY = YES;
				CLANG_WARN_ENUM_CONVERSION = YES;
				CLANG_WARN_INFINITE_RECURSION = YES;
				CLANG_WARN_INT_CONVERSION = YES;
				CLANG_WARN_NON_LITERAL_NULL_CONVERSION = YES;
				CLANG_WARN_OBJC_IMPLICIT_RETAIN_SELF = YES;
				CLANG_WARN_OBJC_LITERAL_CONVERSION = YES;
				CLANG_WARN_OBJC_ROOT_CLASS = YES_ERROR;
				CLANG_WARN_RANGE_LOOP_ANALYSIS = YES;
				CLANG_WARN_STRICT_PROTOTYPES = YES;
				CLANG_WARN_SUSPICIOUS_MOVE = YES;
				CLANG_WARN_UNGUARDED_AVAILABILITY = YES_AGGRESSIVE;
				CLANG_WARN_UNREACHABLE_CODE = YES;
				CLANG_WARN__DUPLICATE_METHOD_MATCH = YES;
				CODE_SIGN_IDENTITY = "iPhone Developer";
				COPY_PHASE_STRIP = NO;
				DEBUG_INFORMATION_FORMAT = dwarf;
				ENABLE_STRICT_OBJC_MSGSEND = YES;
				ENABLE_TESTABILITY = YES;
				GCC_C_LANGUAGE_STANDARD = gnu11;
				GCC_DYNAMIC_NO_PIC = NO;
				GCC_NO_COMMON_BLOCKS = YES;
				GCC_OPTIMIZATION_LEVEL = 0;
				GCC_PREPROCESSOR_DEFINITIONS = (
					"DEBUG=1",
					"$(inherited)",
				);
				GCC_WARN_64_TO_32_BIT_CONVERSION = YES;
				GCC_WARN_ABOUT_RETURN_TYPE = YES_ERROR;
				GCC_WARN_UNDECLARED_SELECTOR = YES;
				GCC_WARN_UNINITIALIZED_AUTOS = YES_AGGRESSIVE;
				GCC_WARN_UNUSED_FUNCTION = YES;
				GCC_WARN_UNUSED_VARIABLE = YES;
				IPHONEOS_DEPLOYMENT_TARGET = 12.1;
				MTL_ENABLE_DEBUG_INFO = INCLUDE_SOURCE;
				MTL_FAST_MATH = YES;
				ONLY_ACTIVE_ARCH = YES;
				SDKROOT = iphoneos;
				SWIFT_ACTIVE_COMPILATION_CONDITIONS = DEBUG;
				SWIFT_OPTIMIZATION_LEVEL = "-Onone";
			};
			name = Debug;
		};
		ACE77CF421EBE74F009381BB /* Release */ = {
			isa = XCBuildConfiguration;
			buildSettings = {
				ALWAYS_SEARCH_USER_PATHS = NO;
				CLANG_ANALYZER_NONNULL = YES;
				CLANG_ANALYZER_NUMBER_OBJECT_CONVERSION = YES_AGGRESSIVE;
				CLANG_CXX_LANGUAGE_STANDARD = "gnu++14";
				CLANG_CXX_LIBRARY = "libc++";
				CLANG_ENABLE_MODULES = YES;
				CLANG_ENABLE_OBJC_ARC = YES;
				CLANG_ENABLE_OBJC_WEAK = YES;
				CLANG_WARN_BLOCK_CAPTURE_AUTORELEASING = YES;
				CLANG_WARN_BOOL_CONVERSION = YES;
				CLANG_WARN_COMMA = YES;
				CLANG_WARN_CONSTANT_CONVERSION = YES;
				CLANG_WARN_DEPRECATED_OBJC_IMPLEMENTATIONS = YES;
				CLANG_WARN_DIRECT_OBJC_ISA_USAGE = YES_ERROR;
				CLANG_WARN_DOCUMENTATION_COMMENTS = YES;
				CLANG_WARN_EMPTY_BODY = YES;
				CLANG_WARN_ENUM_CONVERSION = YES;
				CLANG_WARN_INFINITE_RECURSION = YES;
				CLANG_WARN_INT_CONVERSION = YES;
				CLANG_WARN_NON_LITERAL_NULL_CONVERSION = YES;
				CLANG_WARN_OBJC_IMPLICIT_RETAIN_SELF = YES;
				CLANG_WARN_OBJC_LITERAL_CONVERSION = YES;
				CLANG_WARN_OBJC_ROOT_CLASS = YES_ERROR;
				CLANG_WARN_RANGE_LOOP_ANALYSIS = YES;
				CLANG_WARN_STRICT_PROTOTYPES = YES;
				CLANG_WARN_SUSPICIOUS_MOVE = YES;
				CLANG_WARN_UNGUARDED_AVAILABILITY = YES_AGGRESSIVE;
				CLANG_WARN_UNREACHABLE_CODE = YES;
				CLANG_WARN__DUPLICATE_METHOD_MATCH = YES;
				CODE_SIGN_IDENTITY = "iPhone Developer";
				COPY_PHASE_STRIP = NO;
				DEBUG_INFORMATION_FORMAT = "dwarf-with-dsym";
				ENABLE_NS_ASSERTIONS = NO;
				ENABLE_STRICT_OBJC_MSGSEND = YES;
				GCC_C_LANGUAGE_STANDARD = gnu11;
				GCC_NO_COMMON_BLOCKS = YES;
				GCC_WARN_64_TO_32_BIT_CONVERSION = YES;
				GCC_WARN_ABOUT_RETURN_TYPE = YES_ERROR;
				GCC_WARN_UNDECLARED_SELECTOR = YES;
				GCC_WARN_UNINITIALIZED_AUTOS = YES_AGGRESSIVE;
				GCC_WARN_UNUSED_FUNCTION = YES;
				GCC_WARN_UNUSED_VARIABLE = YES;
				IPHONEOS_DEPLOYMENT_TARGET = 12.1;
				MTL_ENABLE_DEBUG_INFO = NO;
				MTL_FAST_MATH = YES;
				SDKROOT = iphoneos;
				SWIFT_COMPILATION_MODE = wholemodule;
				SWIFT_OPTIMIZATION_LEVEL = "-O";
				VALIDATE_PRODUCT = YES;
			};
			name = Release;
		};
		ACE77CF621EBE74F009381BB /* Debug */ = {
			isa = XCBuildConfiguration;
			buildSettings = {
				ASSETCATALOG_COMPILER_APPICON_NAME = AppIcon;
				CODE_SIGN_STYLE = Automatic;
				DEVELOPMENT_TEAM = EQNJ9FG9YA;
				INFOPLIST_FILE = "Cool Text Demo/Info.plist";
				LD_RUNPATH_SEARCH_PATHS = (
					"$(inherited)",
					"@executable_path/Frameworks",
				);
				PRODUCT_BUNDLE_IDENTIFIER = "com.digitalmirko.Cool-Text-Demo";
				PRODUCT_NAME = "$(TARGET_NAME)";
				SWIFT_VERSION = 4.2;
				TARGETED_DEVICE_FAMILY = "1,2";
			};
			name = Debug;
		};
		ACE77CF721EBE74F009381BB /* Release */ = {
			isa = XCBuildConfiguration;
			buildSettings = {
				ASSETCATALOG_COMPILER_APPICON_NAME = AppIcon;
				CODE_SIGN_STYLE = Automatic;
				DEVELOPMENT_TEAM = EQNJ9FG9YA;
				INFOPLIST_FILE = "Cool Text Demo/Info.plist";
				LD_RUNPATH_SEARCH_PATHS = (
					"$(inherited)",
					"@executable_path/Frameworks",
				);
				PRODUCT_BUNDLE_IDENTIFIER = "com.digitalmirko.Cool-Text-Demo";
				PRODUCT_NAME = "$(TARGET_NAME)";
				SWIFT_VERSION = 4.2;
				TARGETED_DEVICE_FAMILY = "1,2";
			};
			name = Release;
		};
/* End XCBuildConfiguration section */

/* Begin XCConfigurationList section */
		ACE77CDE21EBE74D009381BB /* Build configuration list for PBXProject "Cool Text Demo" */ = {
			isa = XCConfigurationList;
			buildConfigurations = (
				ACE77CF321EBE74F009381BB /* Debug */,
				ACE77CF421EBE74F009381BB /* Release */,
			);
			defaultConfigurationIsVisible = 0;
			defaultConfigurationName = Release;
		};
		ACE77CF521EBE74F009381BB /* Build configuration list for PBXNativeTarget "Cool Text Demo" */ = {
			isa = XCConfigurationList;
			buildConfigurations = (
				ACE77CF621EBE74F009381BB /* Debug */,
				ACE77CF721EBE74F009381BB /* Release */,
			);
			defaultConfigurationIsVisible = 0;
			defaultConfigurationName = Release;
		};
/* End XCConfigurationList section */
	};
	rootObject = ACE77CDB21EBE74D009381BB /* Project object */;
}
